<?xml version="1.0" encoding="utf-8"?>
<Project ToolsVersion="4.0" xmlns="http://schemas.microsoft.com/developer/msbuild/2003">
  <ItemGroup>
    <Filter Include="ソース ファイル">
      <UniqueIdentifier>{4FC737F1-C7A5-4376-A066-2A32D752A2FF}</UniqueIdentifier>
      <Extensions>cpp;c;cc;cxx;def;odl;idl;hpj;bat;asm;asmx</Extensions>
    </Filter>
    <Filter Include="ヘッダー ファイル">
      <UniqueIdentifier>{93995380-89BD-4b04-88EB-625FBE52EBFB}</UniqueIdentifier>
      <Extensions>h;hh;hpp;hxx;hm;inl;inc;ipp;xsd</Extensions>
    </Filter>
    <Filter Include="リソース ファイル">
      <UniqueIdentifier>{67DA6AB6-F800-4c08-8B7A-83BB121AAD01}</UniqueIdentifier>
      <Extensions>rc;ico;cur;bmp;dlg;rc2;rct;bin;rgs;gif;jpg;jpeg;jpe;resx;tiff;tif;png;wav;mfcribbon-ms</Extensions>
    </Filter>
    <Filter Include="imgui">
      <UniqueIdentifier>{7da443de-4dca-4fef-a713-10f04d3d9ac6}</UniqueIdentifier>
    </Filter>
    <Filter Include="Shader">
      <UniqueIdentifier>{2cc4b330-84cf-498a-8c5f-6e90f06f142f}</UniqueIdentifier>
    </Filter>
    <Filter Include="Components">
      <UniqueIdentifier>{5b6134b8-b698-4ed9-acd4-80c57eaca0f6}</UniqueIdentifier>
    </Filter>
    <Filter Include="Components\ソースファイル">
      <UniqueIdentifier>{e7b1dd70-b92b-4a4e-b36e-eef80591ad12}</UniqueIdentifier>
    </Filter>
    <Filter Include="Components\ヘッダーファイル">
      <UniqueIdentifier>{e39a951d-6eb2-40e6-a599-06185b976966}</UniqueIdentifier>
    </Filter>
  </ItemGroup>
  <ItemGroup>
    <ClCompile Include="GameFramework\Transform\CRotator.cpp">
      <Filter>ソース ファイル</Filter>
    </ClCompile>
    <ClCompile Include="GameFramework\Transform\CTransform.cpp">
      <Filter>ソース ファイル</Filter>
    </ClCompile>
    <ClCompile Include="GameFramework\Managers\CGameManager.cpp">
      <Filter>ソース ファイル</Filter>
    </ClCompile>
    <ClCompile Include="GameFramework\Managers\CInputManager.cpp">
      <Filter>ソース ファイル</Filter>
    </ClCompile>
    <ClCompile Include="GameFramework\Managers\CModelDataManager.cpp">
      <Filter>ソース ファイル</Filter>
    </ClCompile>
    <ClCompile Include="GameFramework\Level\CLevel.cpp">
      <Filter>ソース ファイル</Filter>
    </ClCompile>
    <ClCompile Include="GameFramework\Game\CGame.cpp">
      <Filter>ソース ファイル</Filter>
    </ClCompile>
    <ClCompile Include="GameFramework\ExternalCode\AssimpScene.cpp">
      <Filter>ソース ファイル</Filter>
    </ClCompile>
    <ClCompile Include="GameFramework\ExternalCode\CDirectXGraphics.cpp">
      <Filter>ソース ファイル</Filter>
    </ClCompile>
    <ClCompile Include="GameFramework\ExternalCode\CWindow.cpp">
      <Filter>ソース ファイル</Filter>
    </ClCompile>
    <ClCompile Include="GameFramework\ExternalCode\CWindowCallback.cpp">
      <Filter>ソース ファイル</Filter>
    </ClCompile>
    <ClCompile Include="GameFramework\ExternalCode\dx11mathutil.cpp">
      <Filter>ソース ファイル</Filter>
    </ClCompile>
    <ClCompile Include="GameFramework\ExternalCode\Shader.cpp">
      <Filter>ソース ファイル</Filter>
    </ClCompile>
    <ClCompile Include="GameFramework\ExternalCode\utftosjisconv.cpp">
      <Filter>ソース ファイル</Filter>
    </ClCompile>
    <ClCompile Include="GameFramework\Actor\CActor.cpp">
      <Filter>ソース ファイル</Filter>
    </ClCompile>
    <ClCompile Include="GameFramework\ExternalLibrary\DirectXTex\include\DDSTextureLoader.cpp">
      <Filter>ソース ファイル</Filter>
    </ClCompile>
    <ClCompile Include="GameFramework\ExternalLibrary\DirectXTex\include\WICTextureLoader.cpp">
      <Filter>ソース ファイル</Filter>
    </ClCompile>
    <ClCompile Include="GameFramework\Library\LCCollision.cpp">
      <Filter>ソース ファイル</Filter>
    </ClCompile>
    <ClCompile Include="GameFramework\Library\LCMath.cpp">
      <Filter>ソース ファイル</Filter>
    </ClCompile>
    <ClCompile Include="CSkyDome.cpp">
      <Filter>ソース ファイル</Filter>
    </ClCompile>
    <ClCompile Include="EntryPoint.cpp">
      <Filter>ソース ファイル</Filter>
    </ClCompile>
    <ClCompile Include="GameFramework\Game\CApplication.cpp">
      <Filter>ソース ファイル</Filter>
    </ClCompile>
    <ClCompile Include="CFighter.cpp">
      <Filter>ソース ファイル</Filter>
    </ClCompile>
    <ClCompile Include="GameFramework\Managers\CDirectXResourceManager.cpp">
      <Filter>ソース ファイル</Filter>
    </ClCompile>
    <ClCompile Include="GameFramework\Managers\CColliderManager.cpp">
      <Filter>ソース ファイル</Filter>
    </ClCompile>
    <ClCompile Include="GameFramework\Data\CModelData.cpp">
      <Filter>ソース ファイル</Filter>
    </ClCompile>
    <ClCompile Include="GameFramework\Data\CModelMeshData.cpp">
      <Filter>ソース ファイル</Filter>
    </ClCompile>
    <ClCompile Include="GameFramework\Components\CAABBColliderComponent.cpp">
      <Filter>Components\ソースファイル</Filter>
    </ClCompile>
    <ClCompile Include="GameFramework\Components\CBoxMeshComponent.cpp">
      <Filter>Components\ソースファイル</Filter>
    </ClCompile>
    <ClCompile Include="GameFramework\Components\CColliderComponent.cpp">
      <Filter>Components\ソースファイル</Filter>
    </ClCompile>
    <ClCompile Include="GameFramework\Components\CComponent.cpp">
      <Filter>Components\ソースファイル</Filter>
    </ClCompile>
    <ClCompile Include="GameFramework\Components\CPrimitiveMeshComponent.cpp">
      <Filter>Components\ソースファイル</Filter>
    </ClCompile>
    <ClCompile Include="GameFramework\Components\CRenderComponent.cpp">
      <Filter>Components\ソースファイル</Filter>
    </ClCompile>
    <ClCompile Include="GameFramework\Components\CSphereColliderComponent.cpp">
      <Filter>Components\ソースファイル</Filter>
    </ClCompile>
    <ClCompile Include="GameFramework\Components\CSphereMeshComponent.cpp">
      <Filter>Components\ソースファイル</Filter>
    </ClCompile>
    <ClCompile Include="GameFramework\Components\CSpringArmComponent.cpp">
      <Filter>Components\ソースファイル</Filter>
    </ClCompile>
    <ClCompile Include="GameFramework\Components\CStaticMeshComponent.cpp">
      <Filter>Components\ソースファイル</Filter>
    </ClCompile>
    <ClCompile Include="GameFramework\Components\CBillboardComponent.cpp">
      <Filter>Components\ソースファイル</Filter>
    </ClCompile>
    <ClCompile Include="GameFramework\Components\CPlaneMeshComponent.cpp">
      <Filter>Components\ソースファイル</Filter>
    </ClCompile>
    <ClCompile Include="CPointer.cpp">
      <Filter>ソース ファイル</Filter>
    </ClCompile>
    <ClCompile Include="CBullet.cpp">
      <Filter>ソース ファイル</Filter>
    </ClCompile>
    <ClCompile Include="GameFramework\Data\CWave.cpp">
      <Filter>ソース ファイル</Filter>
    </ClCompile>
    <ClCompile Include="GameFramework\Managers\CSoundManager.cpp">
      <Filter>ソース ファイル</Filter>
    </ClCompile>
    <ClCompile Include="GameFramework\Components\CCameraComponent.cpp">
      <Filter>Components\ソースファイル</Filter>
    </ClCompile>
    <ClCompile Include="GameFramework\Components\CDisplay2DComponent.cpp">
      <Filter>Components\ソースファイル</Filter>
    </ClCompile>
    <ClCompile Include="GameFramework\Components\CVisionComponent.cpp">
      <Filter>Components\ソースファイル</Filter>
    </ClCompile>
    <ClCompile Include="GameFramework\Components\CParticleSystemComponent.cpp">
      <Filter>Components\ソースファイル</Filter>
    </ClCompile>
    <ClCompile Include="GameFramework\Components\CLineComponent.cpp">
      <Filter>Components\ソースファイル</Filter>
    </ClCompile>
    <ClCompile Include="CAttachObject.cpp">
      <Filter>ソース ファイル</Filter>
    </ClCompile>
    <ClCompile Include="CMainGameLevel.cpp">
      <Filter>ソース ファイル</Filter>
    </ClCompile>
    <ClCompile Include="GameFramework\ExternalTools\imgui\imgui.cpp">
      <Filter>imgui</Filter>
    </ClCompile>
    <ClCompile Include="GameFramework\ExternalTools\imgui\imgui_demo.cpp">
      <Filter>imgui</Filter>
    </ClCompile>
    <ClCompile Include="GameFramework\ExternalTools\imgui\imgui_draw.cpp">
      <Filter>imgui</Filter>
    </ClCompile>
    <ClCompile Include="GameFramework\ExternalTools\imgui\imgui_impl_dx11.cpp">
      <Filter>imgui</Filter>
    </ClCompile>
    <ClCompile Include="GameFramework\ExternalTools\imgui\imgui_impl_win32.cpp">
      <Filter>imgui</Filter>
    </ClCompile>
    <ClCompile Include="GameFramework\ExternalTools\imgui\imgui_tables.cpp">
      <Filter>imgui</Filter>
    </ClCompile>
    <ClCompile Include="GameFramework\ExternalTools\imgui\imgui_widgets.cpp">
      <Filter>imgui</Filter>
    </ClCompile>
    <ClCompile Include="GameFramework\ExternalTools\imgui\myimgui.cpp">
      <Filter>imgui</Filter>
    </ClCompile>
    <ClCompile Include="CTitle.cpp">
      <Filter>ソース ファイル</Filter>
    </ClCompile>
  </ItemGroup>
  <ItemGroup>
    <ClInclude Include="GameFramework\Transform\CRotator.h">
      <Filter>ヘッダー ファイル</Filter>
    </ClInclude>
    <ClInclude Include="GameFramework\Transform\CTransform.h">
      <Filter>ヘッダー ファイル</Filter>
    </ClInclude>
    <ClInclude Include="GameFramework\Managers\CGameManager.h">
      <Filter>ヘッダー ファイル</Filter>
    </ClInclude>
    <ClInclude Include="GameFramework\Managers\CInputManager.h">
      <Filter>ヘッダー ファイル</Filter>
    </ClInclude>
    <ClInclude Include="GameFramework\Managers\CModelDataManager.h">
      <Filter>ヘッダー ファイル</Filter>
    </ClInclude>
    <ClInclude Include="GameFramework\Level\CLevel.h">
      <Filter>ヘッダー ファイル</Filter>
    </ClInclude>
    <ClInclude Include="GameFramework\Interfaces\IRender.h">
      <Filter>ヘッダー ファイル</Filter>
    </ClInclude>
    <ClInclude Include="GameFramework\Game\CGame.h">
      <Filter>ヘッダー ファイル</Filter>
    </ClInclude>
    <ClInclude Include="GameFramework\ExternalCode\AssimpScene.h">
      <Filter>ヘッダー ファイル</Filter>
    </ClInclude>
    <ClInclude Include="GameFramework\ExternalCode\CDirectInput.h">
      <Filter>ヘッダー ファイル</Filter>
    </ClInclude>
    <ClInclude Include="GameFramework\ExternalCode\CDirectxGraphics.h">
      <Filter>ヘッダー ファイル</Filter>
    </ClInclude>
    <ClInclude Include="GameFramework\ExternalCode\CWindow.h">
      <Filter>ヘッダー ファイル</Filter>
    </ClInclude>
    <ClInclude Include="GameFramework\ExternalCode\CWindowCallback.h">
      <Filter>ヘッダー ファイル</Filter>
    </ClInclude>
    <ClInclude Include="GameFramework\ExternalCode\dx11mathutil.h">
      <Filter>ヘッダー ファイル</Filter>
    </ClInclude>
    <ClInclude Include="GameFramework\ExternalCode\DX11Settransform.h">
      <Filter>ヘッダー ファイル</Filter>
    </ClInclude>
    <ClInclude Include="GameFramework\ExternalCode\Memory.h">
      <Filter>ヘッダー ファイル</Filter>
    </ClInclude>
    <ClInclude Include="GameFramework\ExternalCode\Shader.h">
      <Filter>ヘッダー ファイル</Filter>
    </ClInclude>
    <ClInclude Include="GameFramework\ExternalCode\utftosjisconv.h">
      <Filter>ヘッダー ファイル</Filter>
    </ClInclude>
    <ClInclude Include="GameFramework\Actor\CActor.h">
      <Filter>ヘッダー ファイル</Filter>
    </ClInclude>
    <ClInclude Include="GameFramework\Library\LCCollision.h">
      <Filter>ヘッダー ファイル</Filter>
    </ClInclude>
    <ClInclude Include="GameFramework\Library\LCMath.h">
      <Filter>ヘッダー ファイル</Filter>
    </ClInclude>
    <ClInclude Include="CSkyDome.h">
      <Filter>ヘッダー ファイル</Filter>
    </ClInclude>
    <ClInclude Include="GameFramework\Object\CObject.h">
      <Filter>ヘッダー ファイル</Filter>
    </ClInclude>
    <ClInclude Include="GameFramework\Game\CApplication.h">
      <Filter>ヘッダー ファイル</Filter>
    </ClInclude>
    <ClInclude Include="CFighter.h">
      <Filter>ヘッダー ファイル</Filter>
    </ClInclude>
    <ClInclude Include="GameFramework\Managers\CDirectXResourceManager.h">
      <Filter>ヘッダー ファイル</Filter>
    </ClInclude>
    <ClInclude Include="GameFramework\Managers\CColliderManager.h">
      <Filter>ヘッダー ファイル</Filter>
    </ClInclude>
    <ClInclude Include="GameFramework\Data\CModelData.h">
      <Filter>ヘッダー ファイル</Filter>
    </ClInclude>
    <ClInclude Include="GameFramework\Data\VertexProto.h">
      <Filter>ヘッダー ファイル</Filter>
    </ClInclude>
    <ClInclude Include="GameFramework\Data\CModelMeshData.h">
      <Filter>ヘッダー ファイル</Filter>
    </ClInclude>
    <ClInclude Include="GameFramework\Components\CAABBColliderComponent.h">
      <Filter>Components\ヘッダーファイル</Filter>
    </ClInclude>
    <ClInclude Include="GameFramework\Components\CBoxMeshComponent.h">
      <Filter>Components\ヘッダーファイル</Filter>
    </ClInclude>
    <ClInclude Include="GameFramework\Components\CCameraComponent.h">
      <Filter>Components\ヘッダーファイル</Filter>
    </ClInclude>
    <ClInclude Include="GameFramework\Components\CColliderComponent.h">
      <Filter>Components\ヘッダーファイル</Filter>
    </ClInclude>
    <ClInclude Include="GameFramework\Components\CLightComponent.h">
      <Filter>Components\ヘッダーファイル</Filter>
    </ClInclude>
    <ClInclude Include="GameFramework\Components\CPrimitiveMeshComponent.h">
      <Filter>Components\ヘッダーファイル</Filter>
    </ClInclude>
    <ClInclude Include="GameFramework\Components\CRenderComponent.h">
      <Filter>Components\ヘッダーファイル</Filter>
    </ClInclude>
    <ClInclude Include="GameFramework\Components\CSphereColliderComponent.h">
      <Filter>Components\ヘッダーファイル</Filter>
    </ClInclude>
    <ClInclude Include="GameFramework\Components\CSphereMeshComponent.h">
      <Filter>Components\ヘッダーファイル</Filter>
    </ClInclude>
    <ClInclude Include="GameFramework\Components\CSpringArmComponent.h">
      <Filter>Components\ヘッダーファイル</Filter>
    </ClInclude>
    <ClInclude Include="GameFramework\Components\CStaticMeshComponent.h">
      <Filter>Components\ヘッダーファイル</Filter>
    </ClInclude>
    <ClInclude Include="GameFramework\Components\CBillboardComponent.h">
      <Filter>Components\ヘッダーファイル</Filter>
    </ClInclude>
    <ClInclude Include="GameFramework\Components\CPlaneMeshComponent.h">
      <Filter>Components\ヘッダーファイル</Filter>
    </ClInclude>
    <ClInclude Include="CPointer.h">
      <Filter>ヘッダー ファイル</Filter>
    </ClInclude>
    <ClInclude Include="CBullet.h">
      <Filter>ヘッダー ファイル</Filter>
    </ClInclude>
    <ClInclude Include="GameFramework\Data\CWave.h">
      <Filter>ヘッダー ファイル</Filter>
    </ClInclude>
    <ClInclude Include="GameFramework\Managers\CSoundManager.h">
      <Filter>ヘッダー ファイル</Filter>
    </ClInclude>
    <ClInclude Include="GameFramework\Components\CDisplay2DComponent.h">
      <Filter>Components\ヘッダーファイル</Filter>
    </ClInclude>
    <ClInclude Include="GameFramework\Components\CVisionComponent.h">
      <Filter>Components\ヘッダーファイル</Filter>
    </ClInclude>
    <ClInclude Include="GameFramework\Components\CParticleSystemComponent.h">
      <Filter>Components\ヘッダーファイル</Filter>
    </ClInclude>
    <ClInclude Include="GameFramework\Components\CLineComponent.h">
      <Filter>Components\ヘッダーファイル</Filter>
    </ClInclude>
    <ClInclude Include="CAttachObject.h">
      <Filter>ヘッダー ファイル</Filter>
    </ClInclude>
    <ClInclude Include="GameFramework\Actor\CActorGenerator.h">
      <Filter>ヘッダー ファイル</Filter>
    </ClInclude>
    <ClInclude Include="CMainGameLevel.h">
      <Filter>ヘッダー ファイル</Filter>
    </ClInclude>
    <ClInclude Include="GameFramework\ExternalTools\imgui\imconfig.h">
      <Filter>imgui</Filter>
    </ClInclude>
    <ClInclude Include="GameFramework\ExternalTools\imgui\imgui.h">
      <Filter>imgui</Filter>
    </ClInclude>
    <ClInclude Include="GameFramework\ExternalTools\imgui\imgui_impl_dx11.h">
      <Filter>imgui</Filter>
    </ClInclude>
    <ClInclude Include="GameFramework\ExternalTools\imgui\imgui_impl_win32.h">
      <Filter>imgui</Filter>
    </ClInclude>
    <ClInclude Include="GameFramework\ExternalTools\imgui\imgui_internal.h">
      <Filter>imgui</Filter>
    </ClInclude>
    <ClInclude Include="GameFramework\ExternalTools\imgui\imstb_rectpack.h">
      <Filter>imgui</Filter>
    </ClInclude>
    <ClInclude Include="GameFramework\ExternalTools\imgui\imstb_textedit.h">
      <Filter>imgui</Filter>
    </ClInclude>
    <ClInclude Include="GameFramework\ExternalTools\imgui\imstb_truetype.h">
      <Filter>imgui</Filter>
    </ClInclude>
    <ClInclude Include="GameFramework\ExternalTools\imgui\myimgui.h">
      <Filter>imgui</Filter>
    </ClInclude>
    <ClInclude Include="CTitle.h">
      <Filter>ヘッダー ファイル</Filter>
    </ClInclude>
    <ClInclude Include="GameFramework\Actor\CDisplay2DActor.h">
      <Filter>ヘッダー ファイル</Filter>
    </ClInclude>
    <ClInclude Include="GameFramework\Actor\CFeedActor.h">
      <Filter>ヘッダー ファイル</Filter>
    </ClInclude>
    <ClInclude Include="GameFramework\Components\CComponent.h">
      <Filter>Components\ヘッダーファイル</Filter>
    </ClInclude>
  </ItemGroup>
  <ItemGroup>
    <FxCompile Include="Shader\ps.hlsl">
      <Filter>Shader</Filter>
    </FxCompile>
    <FxCompile Include="Shader\psnotex.hlsl">
      <Filter>Shader</Filter>
    </FxCompile>
    <FxCompile Include="Shader\pstexcol.hlsl">
      <Filter>Shader</Filter>
    </FxCompile>
    <FxCompile Include="Shader\psvscommon.hlsl">
      <Filter>Shader</Filter>
    </FxCompile>
    <FxCompile Include="Shader\vs.hlsl">
      <Filter>Shader</Filter>
    </FxCompile>
    <FxCompile Include="Shader\vsnotex.hlsl">
      <Filter>Shader</Filter>
    </FxCompile>
    <ClInclude Include="GameFramework\ExternalCode\shaderhashmap.h">
      <Filter>ヘッダー ファイル</Filter>
    </ClInclude>
    <FxCompile Include="Shader\basicps.hlsl">
      <Filter>Shader</Filter>
    </FxCompile>
    <FxCompile Include="Shader\basicvs.hlsl">
      <Filter>Shader</Filter>
    </FxCompile>
    <FxCompile Include="Shader\psline.hlsl">
      <Filter>Shader</Filter>
    </FxCompile>
    <FxCompile Include="Shader\vsline.hlsl">
      <Filter>Shader</Filter>
    </FxCompile>
    <FxCompile Include="Shader\basicnotexvs.hlsl">
      <Filter>Shader</Filter>
    </FxCompile>
  </ItemGroup>
</Project>